# THIS IS AN AUTOGENERATED FILE. DO NOT EDIT THIS FILE DIRECTLY.
# yarn lockfile v1


underscore@^1.13.3:
  version "1.13.3"
  resolved "https://registry.yarnpkg.com/underscore/-/underscore-1.13.3.tgz#54bc95f7648c5557897e5e968d0f76bc062c34ee"
  integrity sha512-QvjkYpiD+dJJraRA8+dGAU4i7aBbb2s0S3jA45TFOvg2VgqvdCDd/3N6CqA8gluk1W91GLoXg5enMUx560QzuA==
